
Microsoft Visual Studio Solution File, Format Version 12.00
# Visual Studio Version 17
VisualStudioVersion = 17.4.33205.214
MinimumVisualStudioVersion = 10.0.40219.1
Project("{FAE04EC0-301F-11D3-BF4B-00C04F79EFBC}") = "TerrariaProj", "TerrariaProj\TerrariaProj.csproj", "{60C84867-68DA-46E7-9E95-879A67A39902}"
EndProject
Global
	GlobalSection(SolutionConfigurationPlatforms) = preSolution
		Debug|Any CPU = Debug|Any CPU
		Release|Any CPU = Release|Any CPU
	EndGlobalSection
	GlobalSection(ProjectConfigurationPlatforms) = postSolution
		{60C84867-68DA-46E7-9E95-879A67A39902}.Debug|Any CPU.ActiveCfg = Debug|Any CPU
		{60C84867-68DA-46E7-9E95-879A67A39902}.Debug|Any CPU.Build.0 = Debug|Any CPU
		{60C84867-68DA-46E7-9E95-879A67A39902}.Release|Any CPU.ActiveCfg = Release|Any CPU
		{60C84867-68DA-46E7-9E95-879A67A39902}.Release|Any CPU.Build.0 = Release|Any CPU
	EndGlobalSection
	GlobalSection(SolutionProperties) = preSolution
		HideSolutionNode = FALSE
	EndGlobalSection
	GlobalSection(ExtensibilityGlobals) = postSolution
		SolutionGuid = {1D7A763C-86B0-4F4D-9395-9ED48D686B70}
	EndGlobalSection
EndGlobal
